
Microsoft Visual Studio Solution File, Format Version 12.00
# Visual Studio Version 17
VisualStudioVersion = 17.1.32328.378
MinimumVisualStudioVersion = 10.0.40219.1
Project("{9A19103F-16F7-4668-BE54-9A1E7A4F7556}") = "WKTechnology", "WKTechnology\WKTechnology.csproj", "{4F0B356B-E0A2-4035-B5BF-154854612ECF}"
EndProject
Global
	GlobalSection(SolutionConfigurationPlatforms) = preSolution
		Debug|Any CPU = Debug|Any CPU
		Release|Any CPU = Release|Any CPU
	EndGlobalSection
	GlobalSection(ProjectConfigurationPlatforms) = postSolution
		{4F0B356B-E0A2-4035-B5BF-154854612ECF}.Debug|Any CPU.ActiveCfg = Debug|Any CPU
		{4F0B356B-E0A2-4035-B5BF-154854612ECF}.Debug|Any CPU.Build.0 = Debug|Any CPU
		{4F0B356B-E0A2-4035-B5BF-154854612ECF}.Release|Any CPU.ActiveCfg = Release|Any CPU
		{4F0B356B-E0A2-4035-B5BF-154854612ECF}.Release|Any CPU.Build.0 = Release|Any CPU
	EndGlobalSection
	GlobalSection(SolutionProperties) = preSolution
		HideSolutionNode = FALSE
	EndGlobalSection
	GlobalSection(ExtensibilityGlobals) = postSolution
		SolutionGuid = {2F98EA88-CEFC-41BF-881F-0F1C210F4721}
	EndGlobalSection
EndGlobal
